
Microsoft Visual Studio Solution File, Format Version 12.00
# Visual Studio Version 17
VisualStudioVersion = 17.0.31903.59
MinimumVisualStudioVersion = 10.0.40219.1
Project("{2150E333-8FDC-42A3-9474-1A3956D46DE8}") = "src", "src", "{827E0CD3-B72D-47B6-A68D-7590B98EB39B}"
EndProject
Project("{FAE04EC0-301F-11D3-BF4B-00C04F79EFBC}") = "MediaRelay", "src\MediaRelay\MediaRelay.csproj", "{A2E6FDAD-7E52-43C9-88DE-CB1A892B7AFC}"
EndProject
Project("{2150E333-8FDC-42A3-9474-1A3956D46DE8}") = "tests", "tests", "{0AB3BF05-4346-4AA6-1389-037BE0695223}"
EndProject
Project("{FAE04EC0-301F-11D3-BF4B-00C04F79EFBC}") = "MediaRelay.Tests", "tests\MediaRelay.Tests\MediaRelay.Tests.csproj", "{AF09AB80-DBA3-4DDE-A800-9978F5EA2183}"
EndProject
Global
	GlobalSection(SolutionConfigurationPlatforms) = preSolution
		Debug|Any CPU = Debug|Any CPU
		Debug|x64 = Debug|x64
		Debug|x86 = Debug|x86
		Release|Any CPU = Release|Any CPU
		Release|x64 = Release|x64
		Release|x86 = Release|x86
	EndGlobalSection
	GlobalSection(ProjectConfigurationPlatforms) = postSolution
		{A2E6FDAD-7E52-43C9-88DE-CB1A892B7AFC}.Debug|Any CPU.ActiveCfg = Debug|Any CPU
		{A2E6FDAD-7E52-43C9-88DE-CB1A892B7AFC}.Debug|Any CPU.Build.0 = Debug|Any CPU
		{A2E6FDAD-7E52-43C9-88DE-CB1A892B7AFC}.Debug|x64.ActiveCfg = Debug|Any CPU
		{A2E6FDAD-7E52-43C9-88DE-CB1A892B7AFC}.Debug|x64.Build.0 = Debug|Any CPU
		{A2E6FDAD-7E52-43C9-88DE-CB1A892B7AFC}.Debug|x86.ActiveCfg = Debug|Any CPU
		{A2E6FDAD-7E52-43C9-88DE-CB1A892B7AFC}.Debug|x86.Build.0 = Debug|Any CPU
		{A2E6FDAD-7E52-43C9-88DE-CB1A892B7AFC}.Release|Any CPU.ActiveCfg = Release|Any CPU
		{A2E6FDAD-7E52-43C9-88DE-CB1A892B7AFC}.Release|Any CPU.Build.0 = Release|Any CPU
		{A2E6FDAD-7E52-43C9-88DE-CB1A892B7AFC}.Release|x64.ActiveCfg = Release|Any CPU
		{A2E6FDAD-7E52-43C9-88DE-CB1A892B7AFC}.Release|x64.Build.0 = Release|Any CPU
		{A2E6FDAD-7E52-43C9-88DE-CB1A892B7AFC}.Release|x86.ActiveCfg = Release|Any CPU
		{A2E6FDAD-7E52-43C9-88DE-CB1A892B7AFC}.Release|x86.Build.0 = Release|Any CPU
		{AF09AB80-DBA3-4DDE-A800-9978F5EA2183}.Debug|Any CPU.ActiveCfg = Debug|Any CPU
		{AF09AB80-DBA3-4DDE-A800-9978F5EA2183}.Debug|Any CPU.Build.0 = Debug|Any CPU
		{AF09AB80-DBA3-4DDE-A800-9978F5EA2183}.Debug|x64.ActiveCfg = Debug|Any CPU
		{AF09AB80-DBA3-4DDE-A800-9978F5EA2183}.Debug|x64.Build.0 = Debug|Any CPU
		{AF09AB80-DBA3-4DDE-A800-9978F5EA2183}.Debug|x86.ActiveCfg = Debug|Any CPU
		{AF09AB80-DBA3-4DDE-A800-9978F5EA2183}.Debug|x86.Build.0 = Debug|Any CPU
		{AF09AB80-DBA3-4DDE-A800-9978F5EA2183}.Release|Any CPU.ActiveCfg = Release|Any CPU
		{AF09AB80-DBA3-4DDE-A800-9978F5EA2183}.Release|Any CPU.Build.0 = Release|Any CPU
		{AF09AB80-DBA3-4DDE-A800-9978F5EA2183}.Release|x64.ActiveCfg = Release|Any CPU
		{AF09AB80-DBA3-4DDE-A800-9978F5EA2183}.Release|x64.Build.0 = Release|Any CPU
		{AF09AB80-DBA3-4DDE-A800-9978F5EA2183}.Release|x86.ActiveCfg = Release|Any CPU
		{AF09AB80-DBA3-4DDE-A800-9978F5EA2183}.Release|x86.Build.0 = Release|Any CPU
	EndGlobalSection
	GlobalSection(SolutionProperties) = preSolution
		HideSolutionNode = FALSE
	EndGlobalSection
	GlobalSection(NestedProjects) = preSolution
		{A2E6FDAD-7E52-43C9-88DE-CB1A892B7AFC} = {827E0CD3-B72D-47B6-A68D-7590B98EB39B}
		{AF09AB80-DBA3-4DDE-A800-9978F5EA2183} = {0AB3BF05-4346-4AA6-1389-037BE0695223}
	EndGlobalSection
EndGlobal
